
Microsoft Visual Studio Solution File, Format Version 12.00
# Visual Studio Version 17
VisualStudioVersion = 17.5.33516.290
MinimumVisualStudioVersion = 10.0.40219.1
Project("{FAE04EC0-301F-11D3-BF4B-00C04F79EFBC}") = "Aula05-24", "Aula05-24.csproj", "{EAFB68AC-5E0F-4362-97BF-F577F504102F}"
EndProject
Global
	GlobalSection(SolutionConfigurationPlatforms) = preSolution
		Debug|Any CPU = Debug|Any CPU
		Release|Any CPU = Release|Any CPU
	EndGlobalSection
	GlobalSection(ProjectConfigurationPlatforms) = postSolution
		{EAFB68AC-5E0F-4362-97BF-F577F504102F}.Debug|Any CPU.ActiveCfg = Debug|Any CPU
		{EAFB68AC-5E0F-4362-97BF-F577F504102F}.Debug|Any CPU.Build.0 = Debug|Any CPU
		{EAFB68AC-5E0F-4362-97BF-F577F504102F}.Release|Any CPU.ActiveCfg = Release|Any CPU
		{EAFB68AC-5E0F-4362-97BF-F577F504102F}.Release|Any CPU.Build.0 = Release|Any CPU
	EndGlobalSection
	GlobalSection(SolutionProperties) = preSolution
		HideSolutionNode = FALSE
	EndGlobalSection
	GlobalSection(ExtensibilityGlobals) = postSolution
		SolutionGuid = {AA787873-BDAC-40E8-83B1-272D9051B73D}
	EndGlobalSection
EndGlobal
