
Microsoft Visual Studio Solution File, Format Version 12.00
# Visual Studio Version 17
VisualStudioVersion = 17.5.33516.290
MinimumVisualStudioVersion = 10.0.40219.1
Project("{FAE04EC0-301F-11D3-BF4B-00C04F79EFBC}") = "Exercicio2", "Exercicio2.csproj", "{17EE19A8-7C76-42F9-8C0D-F9C5FC9926ED}"
EndProject
Global
	GlobalSection(SolutionConfigurationPlatforms) = preSolution
		Debug|Any CPU = Debug|Any CPU
		Release|Any CPU = Release|Any CPU
	EndGlobalSection
	GlobalSection(ProjectConfigurationPlatforms) = postSolution
		{17EE19A8-7C76-42F9-8C0D-F9C5FC9926ED}.Debug|Any CPU.ActiveCfg = Debug|Any CPU
		{17EE19A8-7C76-42F9-8C0D-F9C5FC9926ED}.Debug|Any CPU.Build.0 = Debug|Any CPU
		{17EE19A8-7C76-42F9-8C0D-F9C5FC9926ED}.Release|Any CPU.ActiveCfg = Release|Any CPU
		{17EE19A8-7C76-42F9-8C0D-F9C5FC9926ED}.Release|Any CPU.Build.0 = Release|Any CPU
	EndGlobalSection
	GlobalSection(SolutionProperties) = preSolution
		HideSolutionNode = FALSE
	EndGlobalSection
	GlobalSection(ExtensibilityGlobals) = postSolution
		SolutionGuid = {DF38D0CF-E548-44CF-B65E-63B93D9C8290}
	EndGlobalSection
EndGlobal
