
Microsoft Visual Studio Solution File, Format Version 12.00
# Visual Studio Version 17
VisualStudioVersion = 17.5.33516.290
MinimumVisualStudioVersion = 10.0.40219.1
Project("{FAE04EC0-301F-11D3-BF4B-00C04F79EFBC}") = "L03P2Exercicio12", "L03P2Exercicio12.csproj", "{828296AA-EFCA-4CEF-A6F5-83A489D5BF7D}"
EndProject
Global
	GlobalSection(SolutionConfigurationPlatforms) = preSolution
		Debug|Any CPU = Debug|Any CPU
		Release|Any CPU = Release|Any CPU
	EndGlobalSection
	GlobalSection(ProjectConfigurationPlatforms) = postSolution
		{828296AA-EFCA-4CEF-A6F5-83A489D5BF7D}.Debug|Any CPU.ActiveCfg = Debug|Any CPU
		{828296AA-EFCA-4CEF-A6F5-83A489D5BF7D}.Debug|Any CPU.Build.0 = Debug|Any CPU
		{828296AA-EFCA-4CEF-A6F5-83A489D5BF7D}.Release|Any CPU.ActiveCfg = Release|Any CPU
		{828296AA-EFCA-4CEF-A6F5-83A489D5BF7D}.Release|Any CPU.Build.0 = Release|Any CPU
	EndGlobalSection
	GlobalSection(SolutionProperties) = preSolution
		HideSolutionNode = FALSE
	EndGlobalSection
	GlobalSection(ExtensibilityGlobals) = postSolution
		SolutionGuid = {9D7149E4-6D07-43C4-A8FE-CC31FB0AC98B}
	EndGlobalSection
EndGlobal
