
Microsoft Visual Studio Solution File, Format Version 12.00
# Visual Studio Version 17
VisualStudioVersion = 17.5.33516.290
MinimumVisualStudioVersion = 10.0.40219.1
Project("{FAE04EC0-301F-11D3-BF4B-00C04F79EFBC}") = "Introducao_a_Funcoes", "Introducao_a_Funcoes.csproj", "{D73370CD-A625-4E80-A4AE-6920DDED4D66}"
EndProject
Global
	GlobalSection(SolutionConfigurationPlatforms) = preSolution
		Debug|Any CPU = Debug|Any CPU
		Release|Any CPU = Release|Any CPU
	EndGlobalSection
	GlobalSection(ProjectConfigurationPlatforms) = postSolution
		{D73370CD-A625-4E80-A4AE-6920DDED4D66}.Debug|Any CPU.ActiveCfg = Debug|Any CPU
		{D73370CD-A625-4E80-A4AE-6920DDED4D66}.Debug|Any CPU.Build.0 = Debug|Any CPU
		{D73370CD-A625-4E80-A4AE-6920DDED4D66}.Release|Any CPU.ActiveCfg = Release|Any CPU
		{D73370CD-A625-4E80-A4AE-6920DDED4D66}.Release|Any CPU.Build.0 = Release|Any CPU
	EndGlobalSection
	GlobalSection(SolutionProperties) = preSolution
		HideSolutionNode = FALSE
	EndGlobalSection
	GlobalSection(ExtensibilityGlobals) = postSolution
		SolutionGuid = {D4275991-EE05-4C2E-B5E0-1B72439EBDE9}
	EndGlobalSection
EndGlobal
