
Microsoft Visual Studio Solution File, Format Version 12.00
# Visual Studio Version 17
VisualStudioVersion = 17.5.33516.290
MinimumVisualStudioVersion = 10.0.40219.1
Project("{FAE04EC0-301F-11D3-BF4B-00C04F79EFBC}") = "L03P2Exercicio4", "L03P2Exercicio4.csproj", "{2A98A6E4-9D6A-4F14-A287-DAE83922725F}"
EndProject
Global
	GlobalSection(SolutionConfigurationPlatforms) = preSolution
		Debug|Any CPU = Debug|Any CPU
		Release|Any CPU = Release|Any CPU
	EndGlobalSection
	GlobalSection(ProjectConfigurationPlatforms) = postSolution
		{2A98A6E4-9D6A-4F14-A287-DAE83922725F}.Debug|Any CPU.ActiveCfg = Debug|Any CPU
		{2A98A6E4-9D6A-4F14-A287-DAE83922725F}.Debug|Any CPU.Build.0 = Debug|Any CPU
		{2A98A6E4-9D6A-4F14-A287-DAE83922725F}.Release|Any CPU.ActiveCfg = Release|Any CPU
		{2A98A6E4-9D6A-4F14-A287-DAE83922725F}.Release|Any CPU.Build.0 = Release|Any CPU
	EndGlobalSection
	GlobalSection(SolutionProperties) = preSolution
		HideSolutionNode = FALSE
	EndGlobalSection
	GlobalSection(ExtensibilityGlobals) = postSolution
		SolutionGuid = {D26900F3-08A1-431E-A70C-16AF6B797DF0}
	EndGlobalSection
EndGlobal
