
Microsoft Visual Studio Solution File, Format Version 12.00
# Visual Studio Version 17
VisualStudioVersion = 17.5.33516.290
MinimumVisualStudioVersion = 10.0.40219.1
Project("{FAE04EC0-301F-11D3-BF4B-00C04F79EFBC}") = "Aula31-05_Adonet", "Aula31-05_Adonet.csproj", "{11B296E7-1B9F-43F9-8964-31D4E7B82F1A}"
EndProject
Global
	GlobalSection(SolutionConfigurationPlatforms) = preSolution
		Debug|Any CPU = Debug|Any CPU
		Release|Any CPU = Release|Any CPU
	EndGlobalSection
	GlobalSection(ProjectConfigurationPlatforms) = postSolution
		{11B296E7-1B9F-43F9-8964-31D4E7B82F1A}.Debug|Any CPU.ActiveCfg = Debug|Any CPU
		{11B296E7-1B9F-43F9-8964-31D4E7B82F1A}.Debug|Any CPU.Build.0 = Debug|Any CPU
		{11B296E7-1B9F-43F9-8964-31D4E7B82F1A}.Release|Any CPU.ActiveCfg = Release|Any CPU
		{11B296E7-1B9F-43F9-8964-31D4E7B82F1A}.Release|Any CPU.Build.0 = Release|Any CPU
	EndGlobalSection
	GlobalSection(SolutionProperties) = preSolution
		HideSolutionNode = FALSE
	EndGlobalSection
	GlobalSection(ExtensibilityGlobals) = postSolution
		SolutionGuid = {2A367E47-B266-4194-8D51-DAA2277B207A}
	EndGlobalSection
EndGlobal
