
Microsoft Visual Studio Solution File, Format Version 12.00
# Visual Studio Version 17
VisualStudioVersion = 17.5.33516.290
MinimumVisualStudioVersion = 10.0.40219.1
Project("{FAE04EC0-301F-11D3-BF4B-00C04F79EFBC}") = "L05Exercicio09", "L05Exercicio09.csproj", "{1B836278-D7AF-4E1A-92DF-5B636269805A}"
EndProject
Global
	GlobalSection(SolutionConfigurationPlatforms) = preSolution
		Debug|Any CPU = Debug|Any CPU
		Release|Any CPU = Release|Any CPU
	EndGlobalSection
	GlobalSection(ProjectConfigurationPlatforms) = postSolution
		{1B836278-D7AF-4E1A-92DF-5B636269805A}.Debug|Any CPU.ActiveCfg = Debug|Any CPU
		{1B836278-D7AF-4E1A-92DF-5B636269805A}.Debug|Any CPU.Build.0 = Debug|Any CPU
		{1B836278-D7AF-4E1A-92DF-5B636269805A}.Release|Any CPU.ActiveCfg = Release|Any CPU
		{1B836278-D7AF-4E1A-92DF-5B636269805A}.Release|Any CPU.Build.0 = Release|Any CPU
	EndGlobalSection
	GlobalSection(SolutionProperties) = preSolution
		HideSolutionNode = FALSE
	EndGlobalSection
	GlobalSection(ExtensibilityGlobals) = postSolution
		SolutionGuid = {4256A8A7-7945-43AC-A4DD-886B92EF2479}
	EndGlobalSection
EndGlobal
