
Microsoft Visual Studio Solution File, Format Version 12.00
# Visual Studio Version 17
VisualStudioVersion = 17.5.33516.290
MinimumVisualStudioVersion = 10.0.40219.1
Project("{FAE04EC0-301F-11D3-BF4B-00C04F79EFBC}") = "Lista02Exercicio18", "Lista02Exercicio18\Lista02Exercicio18.csproj", "{FD9AC220-8EAF-4B52-B438-D70EF1B8AAD6}"
EndProject
Global
	GlobalSection(SolutionConfigurationPlatforms) = preSolution
		Debug|Any CPU = Debug|Any CPU
		Release|Any CPU = Release|Any CPU
	EndGlobalSection
	GlobalSection(ProjectConfigurationPlatforms) = postSolution
		{FD9AC220-8EAF-4B52-B438-D70EF1B8AAD6}.Debug|Any CPU.ActiveCfg = Debug|Any CPU
		{FD9AC220-8EAF-4B52-B438-D70EF1B8AAD6}.Debug|Any CPU.Build.0 = Debug|Any CPU
		{FD9AC220-8EAF-4B52-B438-D70EF1B8AAD6}.Release|Any CPU.ActiveCfg = Release|Any CPU
		{FD9AC220-8EAF-4B52-B438-D70EF1B8AAD6}.Release|Any CPU.Build.0 = Release|Any CPU
	EndGlobalSection
	GlobalSection(SolutionProperties) = preSolution
		HideSolutionNode = FALSE
	EndGlobalSection
	GlobalSection(ExtensibilityGlobals) = postSolution
		SolutionGuid = {8BEDC11F-B3AB-44B6-B6C8-5D3AFFAD1CB2}
	EndGlobalSection
EndGlobal
