
Microsoft Visual Studio Solution File, Format Version 12.00
# Visual Studio Version 17
VisualStudioVersion = 17.5.33516.290
MinimumVisualStudioVersion = 10.0.40219.1
Project("{FAE04EC0-301F-11D3-BF4B-00C04F79EFBC}") = "L03P2Exercicio11", "L03P2Exercicio11.csproj", "{1A10ECDE-DEE2-4BF1-BE3A-0764333E479F}"
EndProject
Global
	GlobalSection(SolutionConfigurationPlatforms) = preSolution
		Debug|Any CPU = Debug|Any CPU
		Release|Any CPU = Release|Any CPU
	EndGlobalSection
	GlobalSection(ProjectConfigurationPlatforms) = postSolution
		{1A10ECDE-DEE2-4BF1-BE3A-0764333E479F}.Debug|Any CPU.ActiveCfg = Debug|Any CPU
		{1A10ECDE-DEE2-4BF1-BE3A-0764333E479F}.Debug|Any CPU.Build.0 = Debug|Any CPU
		{1A10ECDE-DEE2-4BF1-BE3A-0764333E479F}.Release|Any CPU.ActiveCfg = Release|Any CPU
		{1A10ECDE-DEE2-4BF1-BE3A-0764333E479F}.Release|Any CPU.Build.0 = Release|Any CPU
	EndGlobalSection
	GlobalSection(SolutionProperties) = preSolution
		HideSolutionNode = FALSE
	EndGlobalSection
	GlobalSection(ExtensibilityGlobals) = postSolution
		SolutionGuid = {E3A1A86F-1B29-410E-AE84-7795CBCC6038}
	EndGlobalSection
EndGlobal
