
Microsoft Visual Studio Solution File, Format Version 12.00
# Visual Studio Version 17
VisualStudioVersion = 17.5.33516.290
MinimumVisualStudioVersion = 10.0.40219.1
Project("{FAE04EC0-301F-11D3-BF4B-00C04F79EFBC}") = "Lista03Exercício03", "Lista03Exercício03.csproj", "{A86CCCBE-DF82-495E-AC4F-DE0B9AB1E3D9}"
EndProject
Global
	GlobalSection(SolutionConfigurationPlatforms) = preSolution
		Debug|Any CPU = Debug|Any CPU
		Release|Any CPU = Release|Any CPU
	EndGlobalSection
	GlobalSection(ProjectConfigurationPlatforms) = postSolution
		{A86CCCBE-DF82-495E-AC4F-DE0B9AB1E3D9}.Debug|Any CPU.ActiveCfg = Debug|Any CPU
		{A86CCCBE-DF82-495E-AC4F-DE0B9AB1E3D9}.Debug|Any CPU.Build.0 = Debug|Any CPU
		{A86CCCBE-DF82-495E-AC4F-DE0B9AB1E3D9}.Release|Any CPU.ActiveCfg = Release|Any CPU
		{A86CCCBE-DF82-495E-AC4F-DE0B9AB1E3D9}.Release|Any CPU.Build.0 = Release|Any CPU
	EndGlobalSection
	GlobalSection(SolutionProperties) = preSolution
		HideSolutionNode = FALSE
	EndGlobalSection
	GlobalSection(ExtensibilityGlobals) = postSolution
		SolutionGuid = {8741305A-1559-4B56-BBCC-B3F41D7B6285}
	EndGlobalSection
EndGlobal
