
Microsoft Visual Studio Solution File, Format Version 12.00
# Visual Studio Version 17
VisualStudioVersion = 17.5.33516.290
MinimumVisualStudioVersion = 10.0.40219.1
Project("{FAE04EC0-301F-11D3-BF4B-00C04F79EFBC}") = "Aula29-05 Serializacao", "Aula29-05 Serializacao.csproj", "{FCB45D56-A821-4E71-89D7-79D55AEA668A}"
EndProject
Global
	GlobalSection(SolutionConfigurationPlatforms) = preSolution
		Debug|Any CPU = Debug|Any CPU
		Release|Any CPU = Release|Any CPU
	EndGlobalSection
	GlobalSection(ProjectConfigurationPlatforms) = postSolution
		{FCB45D56-A821-4E71-89D7-79D55AEA668A}.Debug|Any CPU.ActiveCfg = Debug|Any CPU
		{FCB45D56-A821-4E71-89D7-79D55AEA668A}.Debug|Any CPU.Build.0 = Debug|Any CPU
		{FCB45D56-A821-4E71-89D7-79D55AEA668A}.Release|Any CPU.ActiveCfg = Release|Any CPU
		{FCB45D56-A821-4E71-89D7-79D55AEA668A}.Release|Any CPU.Build.0 = Release|Any CPU
	EndGlobalSection
	GlobalSection(SolutionProperties) = preSolution
		HideSolutionNode = FALSE
	EndGlobalSection
	GlobalSection(ExtensibilityGlobals) = postSolution
		SolutionGuid = {C4EC70C8-34F8-441D-83C6-34FCC7FA0054}
	EndGlobalSection
EndGlobal
