
Microsoft Visual Studio Solution File, Format Version 12.00
# Visual Studio Version 17
VisualStudioVersion = 17.5.33516.290
MinimumVisualStudioVersion = 10.0.40219.1
Project("{FAE04EC0-301F-11D3-BF4B-00C04F79EFBC}") = "L4Exercicio1", "L4Exercicio1.csproj", "{A2B5A808-61DF-4063-8F5C-9688EE8DFD17}"
EndProject
Global
	GlobalSection(SolutionConfigurationPlatforms) = preSolution
		Debug|Any CPU = Debug|Any CPU
		Release|Any CPU = Release|Any CPU
	EndGlobalSection
	GlobalSection(ProjectConfigurationPlatforms) = postSolution
		{A2B5A808-61DF-4063-8F5C-9688EE8DFD17}.Debug|Any CPU.ActiveCfg = Debug|Any CPU
		{A2B5A808-61DF-4063-8F5C-9688EE8DFD17}.Debug|Any CPU.Build.0 = Debug|Any CPU
		{A2B5A808-61DF-4063-8F5C-9688EE8DFD17}.Release|Any CPU.ActiveCfg = Release|Any CPU
		{A2B5A808-61DF-4063-8F5C-9688EE8DFD17}.Release|Any CPU.Build.0 = Release|Any CPU
	EndGlobalSection
	GlobalSection(SolutionProperties) = preSolution
		HideSolutionNode = FALSE
	EndGlobalSection
	GlobalSection(ExtensibilityGlobals) = postSolution
		SolutionGuid = {521A18F6-6A77-414C-8E35-D77098045004}
	EndGlobalSection
EndGlobal
