
Microsoft Visual Studio Solution File, Format Version 12.00
# Visual Studio Version 17
VisualStudioVersion = 17.5.33516.290
MinimumVisualStudioVersion = 10.0.40219.1
Project("{9A19103F-16F7-4668-BE54-9A1E7A4F7556}") = "Exercicio2", "Exercicio2\Exercicio2.csproj", "{6CCB6995-26C9-4E4C-AF59-7F55EAD105CC}"
EndProject
Global
	GlobalSection(SolutionConfigurationPlatforms) = preSolution
		Debug|Any CPU = Debug|Any CPU
		Release|Any CPU = Release|Any CPU
	EndGlobalSection
	GlobalSection(ProjectConfigurationPlatforms) = postSolution
		{6CCB6995-26C9-4E4C-AF59-7F55EAD105CC}.Debug|Any CPU.ActiveCfg = Debug|Any CPU
		{6CCB6995-26C9-4E4C-AF59-7F55EAD105CC}.Debug|Any CPU.Build.0 = Debug|Any CPU
		{6CCB6995-26C9-4E4C-AF59-7F55EAD105CC}.Release|Any CPU.ActiveCfg = Release|Any CPU
		{6CCB6995-26C9-4E4C-AF59-7F55EAD105CC}.Release|Any CPU.Build.0 = Release|Any CPU
	EndGlobalSection
	GlobalSection(SolutionProperties) = preSolution
		HideSolutionNode = FALSE
	EndGlobalSection
	GlobalSection(ExtensibilityGlobals) = postSolution
		SolutionGuid = {CD95A3F5-37EE-4D47-B62E-D2BAB8F4AB89}
	EndGlobalSection
EndGlobal
