
Microsoft Visual Studio Solution File, Format Version 12.00
# Visual Studio Version 17
VisualStudioVersion = 17.5.33516.290
MinimumVisualStudioVersion = 10.0.40219.1
Project("{FAE04EC0-301F-11D3-BF4B-00C04F79EFBC}") = "L04Exercicio6", "L04Exercicio6.csproj", "{4A79B90F-34A3-417D-BCDF-8033E1A2CB23}"
EndProject
Global
	GlobalSection(SolutionConfigurationPlatforms) = preSolution
		Debug|Any CPU = Debug|Any CPU
		Release|Any CPU = Release|Any CPU
	EndGlobalSection
	GlobalSection(ProjectConfigurationPlatforms) = postSolution
		{4A79B90F-34A3-417D-BCDF-8033E1A2CB23}.Debug|Any CPU.ActiveCfg = Debug|Any CPU
		{4A79B90F-34A3-417D-BCDF-8033E1A2CB23}.Debug|Any CPU.Build.0 = Debug|Any CPU
		{4A79B90F-34A3-417D-BCDF-8033E1A2CB23}.Release|Any CPU.ActiveCfg = Release|Any CPU
		{4A79B90F-34A3-417D-BCDF-8033E1A2CB23}.Release|Any CPU.Build.0 = Release|Any CPU
	EndGlobalSection
	GlobalSection(SolutionProperties) = preSolution
		HideSolutionNode = FALSE
	EndGlobalSection
	GlobalSection(ExtensibilityGlobals) = postSolution
		SolutionGuid = {3054B265-F5AF-42DB-8DA8-DEC37E71A87B}
	EndGlobalSection
EndGlobal
