
Microsoft Visual Studio Solution File, Format Version 12.00
# Visual Studio Version 17
VisualStudioVersion = 17.5.33516.290
MinimumVisualStudioVersion = 10.0.40219.1
Project("{FAE04EC0-301F-11D3-BF4B-00C04F79EFBC}") = "L05Exercicio11", "L05Exercicio11.csproj", "{B67CFEDA-8150-407C-B080-FCD546D147C4}"
EndProject
Global
	GlobalSection(SolutionConfigurationPlatforms) = preSolution
		Debug|Any CPU = Debug|Any CPU
		Release|Any CPU = Release|Any CPU
	EndGlobalSection
	GlobalSection(ProjectConfigurationPlatforms) = postSolution
		{B67CFEDA-8150-407C-B080-FCD546D147C4}.Debug|Any CPU.ActiveCfg = Debug|Any CPU
		{B67CFEDA-8150-407C-B080-FCD546D147C4}.Debug|Any CPU.Build.0 = Debug|Any CPU
		{B67CFEDA-8150-407C-B080-FCD546D147C4}.Release|Any CPU.ActiveCfg = Release|Any CPU
		{B67CFEDA-8150-407C-B080-FCD546D147C4}.Release|Any CPU.Build.0 = Release|Any CPU
	EndGlobalSection
	GlobalSection(SolutionProperties) = preSolution
		HideSolutionNode = FALSE
	EndGlobalSection
	GlobalSection(ExtensibilityGlobals) = postSolution
		SolutionGuid = {EBF9B4C5-29A7-473F-BF9A-F31C29B433B1}
	EndGlobalSection
EndGlobal
