
Microsoft Visual Studio Solution File, Format Version 12.00
# Visual Studio Version 17
VisualStudioVersion = 17.5.33516.290
MinimumVisualStudioVersion = 10.0.40219.1
Project("{FAE04EC0-301F-11D3-BF4B-00C04F79EFBC}") = "Lista2Exercicio07", "Lista2Exercicio07\Lista2Exercicio07.csproj", "{3ED03987-4171-4B3C-9403-E3B27AE2E8C0}"
EndProject
Global
	GlobalSection(SolutionConfigurationPlatforms) = preSolution
		Debug|Any CPU = Debug|Any CPU
		Release|Any CPU = Release|Any CPU
	EndGlobalSection
	GlobalSection(ProjectConfigurationPlatforms) = postSolution
		{3ED03987-4171-4B3C-9403-E3B27AE2E8C0}.Debug|Any CPU.ActiveCfg = Debug|Any CPU
		{3ED03987-4171-4B3C-9403-E3B27AE2E8C0}.Debug|Any CPU.Build.0 = Debug|Any CPU
		{3ED03987-4171-4B3C-9403-E3B27AE2E8C0}.Release|Any CPU.ActiveCfg = Release|Any CPU
		{3ED03987-4171-4B3C-9403-E3B27AE2E8C0}.Release|Any CPU.Build.0 = Release|Any CPU
	EndGlobalSection
	GlobalSection(SolutionProperties) = preSolution
		HideSolutionNode = FALSE
	EndGlobalSection
	GlobalSection(ExtensibilityGlobals) = postSolution
		SolutionGuid = {EB3B73AA-EB86-4E17-9135-8F9ECF1BB195}
	EndGlobalSection
EndGlobal
