
Microsoft Visual Studio Solution File, Format Version 12.00
# Visual Studio Version 17
VisualStudioVersion = 17.5.33516.290
MinimumVisualStudioVersion = 10.0.40219.1
Project("{FAE04EC0-301F-11D3-BF4B-00C04F79EFBC}") = "Aula0604-Ternario", "Aula0604-Ternario.csproj", "{EE1DD74E-E775-446D-AB02-8664CD914621}"
EndProject
Global
	GlobalSection(SolutionConfigurationPlatforms) = preSolution
		Debug|Any CPU = Debug|Any CPU
		Release|Any CPU = Release|Any CPU
	EndGlobalSection
	GlobalSection(ProjectConfigurationPlatforms) = postSolution
		{EE1DD74E-E775-446D-AB02-8664CD914621}.Debug|Any CPU.ActiveCfg = Debug|Any CPU
		{EE1DD74E-E775-446D-AB02-8664CD914621}.Debug|Any CPU.Build.0 = Debug|Any CPU
		{EE1DD74E-E775-446D-AB02-8664CD914621}.Release|Any CPU.ActiveCfg = Release|Any CPU
		{EE1DD74E-E775-446D-AB02-8664CD914621}.Release|Any CPU.Build.0 = Release|Any CPU
	EndGlobalSection
	GlobalSection(SolutionProperties) = preSolution
		HideSolutionNode = FALSE
	EndGlobalSection
	GlobalSection(ExtensibilityGlobals) = postSolution
		SolutionGuid = {04C41624-4BDD-4489-BDFB-CD6A66F8E0B3}
	EndGlobalSection
EndGlobal
